
Microsoft Visual Studio Solution File, Format Version 12.00
# Visual Studio Version 17
VisualStudioVersion = 17.4.33213.308
MinimumVisualStudioVersion = 10.0.40219.1
Project("{FAE04EC0-301F-11D3-BF4B-00C04F79EFBC}") = "t2-ruoka-annos-gen", "t2-ruoka-annos-gen\t2-ruoka-annos-gen.csproj", "{17B6E8FB-2DA9-4283-A3BA-C0D2BA9D8D67}"
EndProject
Global
	GlobalSection(SolutionConfigurationPlatforms) = preSolution
		Debug|Any CPU = Debug|Any CPU
		Release|Any CPU = Release|Any CPU
	EndGlobalSection
	GlobalSection(ProjectConfigurationPlatforms) = postSolution
		{17B6E8FB-2DA9-4283-A3BA-C0D2BA9D8D67}.Debug|Any CPU.ActiveCfg = Debug|Any CPU
		{17B6E8FB-2DA9-4283-A3BA-C0D2BA9D8D67}.Debug|Any CPU.Build.0 = Debug|Any CPU
		{17B6E8FB-2DA9-4283-A3BA-C0D2BA9D8D67}.Release|Any CPU.ActiveCfg = Release|Any CPU
		{17B6E8FB-2DA9-4283-A3BA-C0D2BA9D8D67}.Release|Any CPU.Build.0 = Release|Any CPU
	EndGlobalSection
	GlobalSection(SolutionProperties) = preSolution
		HideSolutionNode = FALSE
	EndGlobalSection
	GlobalSection(ExtensibilityGlobals) = postSolution
		SolutionGuid = {1FAAC896-1FA0-40D4-AFA4-1D44FCA45AEF}
	EndGlobalSection
EndGlobal
