
Microsoft Visual Studio Solution File, Format Version 12.00
# Visual Studio Version 17
VisualStudioVersion = 17.5.33414.496
MinimumVisualStudioVersion = 10.0.40219.1
Project("{FAE04EC0-301F-11D3-BF4B-00C04F79EFBC}") = "t3.4-nuoli-luokan-viimeistely", "t3.4-nuoli-luokan-viimeistely\t3.4-nuoli-luokan-viimeistely.csproj", "{56B916E0-ED24-4912-A68D-93ED42F377CB}"
EndProject
Global
	GlobalSection(SolutionConfigurationPlatforms) = preSolution
		Debug|Any CPU = Debug|Any CPU
		Release|Any CPU = Release|Any CPU
	EndGlobalSection
	GlobalSection(ProjectConfigurationPlatforms) = postSolution
		{56B916E0-ED24-4912-A68D-93ED42F377CB}.Debug|Any CPU.ActiveCfg = Debug|Any CPU
		{56B916E0-ED24-4912-A68D-93ED42F377CB}.Debug|Any CPU.Build.0 = Debug|Any CPU
		{56B916E0-ED24-4912-A68D-93ED42F377CB}.Release|Any CPU.ActiveCfg = Release|Any CPU
		{56B916E0-ED24-4912-A68D-93ED42F377CB}.Release|Any CPU.Build.0 = Release|Any CPU
	EndGlobalSection
	GlobalSection(SolutionProperties) = preSolution
		HideSolutionNode = FALSE
	EndGlobalSection
	GlobalSection(ExtensibilityGlobals) = postSolution
		SolutionGuid = {7E9BE939-88B2-4FC5-8E94-E0EEAB6F2147}
	EndGlobalSection
EndGlobal
