
Microsoft Visual Studio Solution File, Format Version 12.00
# Visual Studio Version 17
VisualStudioVersion = 17.4.33213.308
MinimumVisualStudioVersion = 10.0.40219.1
Project("{FAE04EC0-301F-11D3-BF4B-00C04F79EFBC}") = "cs-perusteet-kertaus", "cs-perusteet-kertaus\cs-perusteet-kertaus.csproj", "{3BEF1094-D359-492B-9A88-7FA9C6721497}"
EndProject
Global
	GlobalSection(SolutionConfigurationPlatforms) = preSolution
		Debug|Any CPU = Debug|Any CPU
		Release|Any CPU = Release|Any CPU
	EndGlobalSection
	GlobalSection(ProjectConfigurationPlatforms) = postSolution
		{3BEF1094-D359-492B-9A88-7FA9C6721497}.Debug|Any CPU.ActiveCfg = Debug|Any CPU
		{3BEF1094-D359-492B-9A88-7FA9C6721497}.Debug|Any CPU.Build.0 = Debug|Any CPU
		{3BEF1094-D359-492B-9A88-7FA9C6721497}.Release|Any CPU.ActiveCfg = Release|Any CPU
		{3BEF1094-D359-492B-9A88-7FA9C6721497}.Release|Any CPU.Build.0 = Release|Any CPU
	EndGlobalSection
	GlobalSection(SolutionProperties) = preSolution
		HideSolutionNode = FALSE
	EndGlobalSection
	GlobalSection(ExtensibilityGlobals) = postSolution
		SolutionGuid = {F72BBFA1-A093-48AD-B610-C0FC41A27EDA}
	EndGlobalSection
EndGlobal
